{
  "name": "adk-middleware-llmock",
  "lockfileVersion": 3,
  "requires": true,
  "packages": {
    "": {
      "name": "adk-middleware-llmock",
      "dependencies": {
        "@copilotkit/aimock": "1.37.4"
      }
    },
    "node_modules/@copilotkit/aimock": {
      "version": "1.37.4",
      "resolved": "https://registry.npmjs.org/@copilotkit/aimock/-/aimock-1.37.4.tgz",
      "integrity": "sha512-3fKSBrs7QDTRmYQM9RVh+2aC95KJcEbNHtAAuD8fJ3NdIx1bNdgWvwgWNJLzAuiZI3kSDwRgA0HlCVD6n0eP+A==",
      "license": "MIT",
      "bin": {
        "aimock": "dist/aimock-cli.js",
        "llmock": "dist/cli.js"
      },
      "engines": {
        "node": ">=20.15.0"
      },
      "peerDependencies": {
        "jest": ">=29",
        "vitest": ">=3"
      },
      "peerDependenciesMeta": {
        "jest": {
          "optional": true
        },
        "vitest": {
          "optional": true
        }
      }
    }
  }
}
